
Microsoft Visual Studio Solution File, Format Version 12.00
# Visual Studio Version 16
VisualStudioVersion = 16.0.32929.386
MinimumVisualStudioVersion = 10.0.40219.1
Project("{FAE04EC0-301F-11D3-BF4B-00C04F79EFBC}") = "Metodos Numericos", "Metodos Numericos\Metodos Numericos.csproj", "{097AFC0F-F106-4E1A-BDB6-6287EE713BDA}"
EndProject
Global
	GlobalSection(SolutionConfigurationPlatforms) = preSolution
		Debug|Any CPU = Debug|Any CPU
		Release|Any CPU = Release|Any CPU
	EndGlobalSection
	GlobalSection(ProjectConfigurationPlatforms) = postSolution
		{097AFC0F-F106-4E1A-BDB6-6287EE713BDA}.Debug|Any CPU.ActiveCfg = Debug|Any CPU
		{097AFC0F-F106-4E1A-BDB6-6287EE713BDA}.Debug|Any CPU.Build.0 = Debug|Any CPU
		{097AFC0F-F106-4E1A-BDB6-6287EE713BDA}.Release|Any CPU.ActiveCfg = Release|Any CPU
		{097AFC0F-F106-4E1A-BDB6-6287EE713BDA}.Release|Any CPU.Build.0 = Release|Any CPU
	EndGlobalSection
	GlobalSection(SolutionProperties) = preSolution
		HideSolutionNode = FALSE
	EndGlobalSection
	GlobalSection(ExtensibilityGlobals) = postSolution
		SolutionGuid = {256C50B9-E383-40F4-96DE-36DE85937551}
	EndGlobalSection
EndGlobal
